{
  "name": "solution-practices",
  "version": "0.11.0",
  "lockfileVersion": 3,
  "requires": true,
  "packages": {
    "": {
      "name": "solution-practices",
      "version": "0.11.0",
      "license": "MIT",
      "bin": {
        "sac": "bin/sac.js"
      },
      "engines": {
        "node": ">=20"
      }
    }
  }
}
